// !$*UTF8*$!
{
	archiveVersion = 1;
	classes = {
	};
	objectVersion = 50;
	objects = {

/* Begin PBXBuildFile section */
		418223F625DAD1F200F3AD9B /* EmojiMemoryGame.swift in Sources */ = {isa = PBXBuildFile; fileRef = 418223F525DAD1F200F3AD9B /* EmojiMemoryGame.swift */; };
		41AC060725F084C800FF4AC2 /* Array+Only.swift in Sources */ = {isa = PBXBuildFile; fileRef = 41AC060625F084C800FF4AC2 /* Array+Only.swift */; };
		41B6FC5425DBFF99006716F4 /* GridView.swift in Sources */ = {isa = PBXBuildFile; fileRef = 41B6FC5325DBFF99006716F4 /* GridView.swift */; };
		41B6FC5F25DC0B5B006716F4 /* GridLayout.swift in Sources */ = {isa = PBXBuildFile; fileRef = 41B6FC5E25DC0B5B006716F4 /* GridLayout.swift */; };
		41B6FC6425DCA8A2006716F4 /* Array+Identifiable.swift in Sources */ = {isa = PBXBuildFile; fileRef = 41B6FC6325DCA8A2006716F4 /* Array+Identifiable.swift */; };
		41CAD75025DAA93E004DB14A /* MemoryGame.swift in Sources */ = {isa = PBXBuildFile; fileRef = 41CAD74F25DAA93E004DB14A /* MemoryGame.swift */; };
		41E3D6D625C96271000935DB /* MemorizeApp.swift in Sources */ = {isa = PBXBuildFile; fileRef = 41E3D6D525C96271000935DB /* MemorizeApp.swift */; };
		41E3D6D825C96271000935DB /* ContentView.swift in Sources */ = {isa = PBXBuildFile; fileRef = 41E3D6D725C96271000935DB /* ContentView.swift */; };
		41E3D6DA25C96272000935DB /* Assets.xcassets in Resources */ = {isa = PBXBuildFile; fileRef = 41E3D6D925C96272000935DB /* Assets.xcassets */; };
		41E3D6DD25C96272000935DB /* Preview Assets.xcassets in Resources */ = {isa = PBXBuildFile; fileRef = 41E3D6DC25C96272000935DB /* Preview Assets.xcassets */; };
		41E3D6E825C96272000935DB /* MemorizeTests.swift in Sources */ = {isa = PBXBuildFile; fileRef = 41E3D6E725C96272000935DB /* MemorizeTests.swift */; };
		41E3D6F325C96272000935DB /* MemorizeUITests.swift in Sources */ = {isa = PBXBuildFile; fileRef = 41E3D6F225C96272000935DB /* MemorizeUITests.swift */; };
/* End PBXBuildFile section */

/* Begin PBXContainerItemProxy section */
		41E3D6E425C96272000935DB /* PBXContainerItemProxy */ = {
			isa = PBXContainerItemProxy;
			containerPortal = 41E3D6CA25C96271000935DB /* Project object */;
			proxyType = 1;
			remoteGlobalIDString = 41E3D6D125C96271000935DB;
			remoteInfo = Memorize;
		};
		41E3D6EF25C96272000935DB /* PBXContainerItemProxy */ = {
			isa = PBXContainerItemProxy;
			containerPortal = 41E3D6CA25C96271000935DB /* Project object */;
			proxyType = 1;
			remoteGlobalIDString = 41E3D6D125C96271000935DB;
			remoteInfo = Memorize;
		};
/* End PBXContainerItemProxy section */

/* Begin PBXFileReference section */
		418223F525DAD1F200F3AD9B /* EmojiMemoryGame.swift */ = {isa = PBXFileReference; lastKnownFileType = sourcecode.swift; path = EmojiMemoryGame.swift; sourceTree = "<group>"; };
		41AC060625F084C800FF4AC2 /* Array+Only.swift */ = {isa = PBXFileReference; lastKnownFileType = sourcecode.swift; path = "Array+Only.swift"; sourceTree = "<group>"; };
		41B6FC5325DBFF99006716F4 /* GridView.swift */ = {isa = PBXFileReference; lastKnownFileType = sourcecode.swift; path = GridView.swift; sourceTree = "<group>"; };
		41B6FC5E25DC0B5B006716F4 /* GridLayout.swift */ = {isa = PBXFileReference; fileEncoding = 4; lastKnownFileType = sourcecode.swift; path = GridLayout.swift; sourceTree = "<group>"; };
		41B6FC6325DCA8A2006716F4 /* Array+Identifiable.swift */ = {isa = PBXFileReference; lastKnownFileType = sourcecode.swift; path = "Array+Identifiable.swift"; sourceTree = "<group>"; };
		41CAD74F25DAA93E004DB14A /* MemoryGame.swift */ = {isa = PBXFileReference; lastKnownFileType = sourcecode.swift; path = MemoryGame.swift; sourceTree = "<group>"; };
		41E3D6D225C96271000935DB /* Memorize.app */ = {isa = PBXFileReference; explicitFileType = wrapper.application; includeInIndex = 0; path = Memorize.app; sourceTree = BUILT_PRODUCTS_DIR; };
		41E3D6D525C96271000935DB /* MemorizeApp.swift */ = {isa = PBXFileReference; lastKnownFileType = sourcecode.swift; path = MemorizeApp.swift; sourceTree = "<group>"; };
		41E3D6D725C96271000935DB /* ContentView.swift */ = {isa = PBXFileReference; lastKnownFileType = sourcecode.swift; path = ContentView.swift; sourceTree = "<group>"; };
		41E3D6D925C96272000935DB /* Assets.xcassets */ = {isa = PBXFileReference; lastKnownFileType = folder.assetcatalog; path = Assets.xcassets; sourceTree = "<group>"; };
		41E3D6DC25C96272000935DB /* Preview Assets.xcassets */ = {isa = PBXFileReference; lastKnownFileType = folder.assetcatalog; path = "Preview Assets.xcassets"; sourceTree = "<group>"; };
		41E3D6DE25C96272000935DB /* Info.plist */ = {isa = PBXFileReference; lastKnownFileType = text.plist.xml; path = Info.plist; sourceTree = "<group>"; };
		41E3D6E325C96272000935DB /* MemorizeTests.xctest */ = {isa = PBXFileReference; explicitFileType = wrapper.cfbundle; includeInIndex = 0; path = MemorizeTests.xctest; sourceTree = BUILT_PRODUCTS_DIR; };
		41E3D6E725C96272000935DB /* MemorizeTests.swift */ = {isa = PBXFileReference; lastKnownFileType = sourcecode.swift; path = MemorizeTests.swift; sourceTree = "<group>"; };
		41E3D6E925C96272000935DB /* Info.plist */ = {isa = PBXFileReference; lastKnownFileType = text.plist.xml; path = Info.plist; sourceTree = "<group>"; };
		41E3D6EE25C96272000935DB /* MemorizeUITests.xctest */ = {isa = PBXFileReference; explicitFileType = wrapper.cfbundle; includeInIndex = 0; path = MemorizeUITests.xctest; sourceTree = BUILT_PRODUCTS_DIR; };
		41E3D6F225C96272000935DB /* MemorizeUITests.swift */ = {isa = PBXFileReference; lastKnownFileType = sourcecode.swift; path = MemorizeUITests.swift; sourceTree = "<group>"; };
		41E3D6F425C96272000935DB /* Info.plist */ = {isa = PBXFileReference; lastKnownFileType = text.plist.xml; path = Info.plist; sourceTree = "<group>"; };
/* End PBXFileReference section */

/* Begin PBXFrameworksBuildPhase section */
		41E3D6CF25C96271000935DB /* Frameworks */ = {
			isa = PBXFrameworksBuildPhase;
			buildActionMask = 2147483647;
			files = (
			);
			runOnlyForDeploymentPostprocessing = 0;
		};
		41E3D6E025C96272000935DB /* Frameworks */ = {
			isa = PBXFrameworksBuildPhase;
			buildActionMask = 2147483647;
			files = (
			);
			runOnlyForDeploymentPostprocessing = 0;
		};
		41E3D6EB25C96272000935DB /* Frameworks */ = {
			isa = PBXFrameworksBuildPhase;
			buildActionMask = 2147483647;
			files = (
			);
			runOnlyForDeploymentPostprocessing = 0;
		};
/* End PBXFrameworksBuildPhase section */

/* Begin PBXGroup section */
		41E3D6C925C96271000935DB = {
			isa = PBXGroup;
			children = (
				41E3D6D425C96271000935DB /* Memorize */,
				41E3D6E625C96272000935DB /* MemorizeTests */,
				41E3D6F125C96272000935DB /* MemorizeUITests */,
				41E3D6D325C96271000935DB /* Products */,
			);
			sourceTree = "<group>";
		};
		41E3D6D325C96271000935DB /* Products */ = {
			isa = PBXGroup;
			children = (
				41E3D6D225C96271000935DB /* Memorize.app */,
				41E3D6E325C96272000935DB /* MemorizeTests.xctest */,
				41E3D6EE25C96272000935DB /* MemorizeUITests.xctest */,
			);
			name = Products;
			sourceTree = "<group>";
		};
		41E3D6D425C96271000935DB /* Memorize */ = {
			isa = PBXGroup;
			children = (
				41E3D6D525C96271000935DB /* MemorizeApp.swift */,
				41E3D6D725C96271000935DB /* ContentView.swift */,
				41B6FC5E25DC0B5B006716F4 /* GridLayout.swift */,
				41B6FC5325DBFF99006716F4 /* GridView.swift */,
				41B6FC6325DCA8A2006716F4 /* Array+Identifiable.swift */,
				41E3D6D925C96272000935DB /* Assets.xcassets */,
				41E3D6DE25C96272000935DB /* Info.plist */,
				41E3D6DB25C96272000935DB /* Preview Content */,
				41CAD74F25DAA93E004DB14A /* MemoryGame.swift */,
				41AC060625F084C800FF4AC2 /* Array+Only.swift */,
				418223F525DAD1F200F3AD9B /* EmojiMemoryGame.swift */,
			);
			path = Memorize;
			sourceTree = "<group>";
		};
		41E3D6DB25C96272000935DB /* Preview Content */ = {
			isa = PBXGroup;
			children = (
				41E3D6DC25C96272000935DB /* Preview Assets.xcassets */,
			);
			path = "Preview Content";
			sourceTree = "<group>";
		};
		41E3D6E625C96272000935DB /* MemorizeTests */ = {
			isa = PBXGroup;
			children = (
				41E3D6E725C96272000935DB /* MemorizeTests.swift */,
				41E3D6E925C96272000935DB /* Info.plist */,
			);
			path = MemorizeTests;
			sourceTree = "<group>";
		};
		41E3D6F125C96272000935DB /* MemorizeUITests */ = {
			isa = PBXGroup;
			children = (
				41E3D6F225C96272000935DB /* MemorizeUITests.swift */,
				41E3D6F425C96272000935DB /* Info.plist */,
			);
			path = MemorizeUITests;
			sourceTree = "<group>";
		};
/* End PBXGroup section */

/* Begin PBXNativeTarget section */
		41E3D6D125C96271000935DB /* Memorize */ = {
			isa = PBXNativeTarget;
			buildConfigurationList = 41E3D6F725C96272000935DB /* Build configuration list for PBXNativeTarget "Memorize" */;
			buildPhases = (
				41E3D6CE25C96271000935DB /* Sources */,
				41E3D6CF25C96271000935DB /* Frameworks */,
				41E3D6D025C96271000935DB /* Resources */,
			);
			buildRules = (
			);
			dependencies = (
			);
			name = Memorize;
			productName = Memorize;
			productReference = 41E3D6D225C96271000935DB /* Memorize.app */;
			productType = "com.apple.product-type.application";
		};
		41E3D6E225C96272000935DB /* MemorizeTests */ = {
			isa = PBXNativeTarget;
			buildConfigurationList = 41E3D6FA25C96272000935DB /* Build configuration list for PBXNativeTarget "MemorizeTests" */;
			buildPhases = (
				41E3D6DF25C96272000935DB /* Sources */,
				41E3D6E025C96272000935DB /* Frameworks */,
				41E3D6E125C96272000935DB /* Resources */,
			);
			buildRules = (
			);
			dependencies = (
				41E3D6E525C96272000935DB /* PBXTargetDependency */,
			);
			name = MemorizeTests;
			productName = MemorizeTests;
			productReference = 41E3D6E325C96272000935DB /* MemorizeTests.xctest */;
			productType = "com.apple.product-type.bundle.unit-test";
		};
		41E3D6ED25C96272000935DB /* MemorizeUITests */ = {
			isa = PBXNativeTarget;
			buildConfigurationList = 41E3D6FD25C96272000935DB /* Build configuration list for PBXNativeTarget "MemorizeUITests" */;
			buildPhases = (
				41E3D6EA25C96272000935DB /* Sources */,
				41E3D6EB25C96272000935DB /* Frameworks */,
				41E3D6EC25C96272000935DB /* Resources */,
			);
			buildRules = (
			);
			dependencies = (
				41E3D6F025C96272000935DB /* PBXTargetDependency */,
			);
			name = MemorizeUITests;
			productName = MemorizeUITests;
			productReference = 41E3D6EE25C96272000935DB /* MemorizeUITests.xctest */;
			productType = "com.apple.product-type.bundle.ui-testing";
		};
/* End PBXNativeTarget section */

/* Begin PBXProject section */
		41E3D6CA25C96271000935DB /* Project object */ = {
			isa = PBXProject;
			attributes = {
				LastSwiftUpdateCheck = 1230;
				LastUpgradeCheck = 1230;
				TargetAttributes = {
					41E3D6D125C96271000935DB = {
						CreatedOnToolsVersion = 12.3;
					};
					41E3D6E225C96272000935DB = {
						CreatedOnToolsVersion = 12.3;
						TestTargetID = 41E3D6D125C96271000935DB;
					};
					41E3D6ED25C96272000935DB = {
						CreatedOnToolsVersion = 12.3;
						TestTargetID = 41E3D6D125C96271000935DB;
					};
				};
			};
			buildConfigurationList = 41E3D6CD25C96271000935DB /* Build configuration list for PBXProject "Memorize" */;
			compatibilityVersion = "Xcode 9.3";
			developmentRegion = en;
			hasScannedForEncodings = 0;
			knownRegions = (
				en,
				Base,
			);
			mainGroup = 41E3D6C925C96271000935DB;
			productRefGroup = 41E3D6D325C96271000935DB /* Products */;
			projectDirPath = "";
			projectRoot = "";
			targets = (
				41E3D6D125C96271000935DB /* Memorize */,
				41E3D6E225C96272000935DB /* MemorizeTests */,
				41E3D6ED25C96272000935DB /* MemorizeUITests */,
			);
		};
/* End PBXProject section */

/* Begin PBXResourcesBuildPhase section */
		41E3D6D025C96271000935DB /* Resources */ = {
			isa = PBXResourcesBuildPhase;
			buildActionMask = 2147483647;
			files = (
				41E3D6DD25C96272000935DB /* Preview Assets.xcassets in Resources */,
				41E3D6DA25C96272000935DB /* Assets.xcassets in Resources */,
			);
			runOnlyForDeploymentPostprocessing = 0;
		};
		41E3D6E125C96272000935DB /* Resources */ = {
			isa = PBXResourcesBuildPhase;
			buildActionMask = 2147483647;
			files = (
			);
			runOnlyForDeploymentPostprocessing = 0;
		};
		41E3D6EC25C96272000935DB /* Resources */ = {
			isa = PBXResourcesBuildPhase;
			buildActionMask = 2147483647;
			files = (
			);
			runOnlyForDeploymentPostprocessing = 0;
		};
/* End PBXResourcesBuildPhase section */

/* Begin PBXSourcesBuildPhase section */
		41E3D6CE25C96271000935DB /* Sources */ = {
			isa = PBXSourcesBuildPhase;
			buildActionMask = 2147483647;
			files = (
				41CAD75025DAA93E004DB14A /* MemoryGame.swift in Sources */,
				41E3D6D825C96271000935DB /* ContentView.swift in Sources */,
				41E3D6D625C96271000935DB /* MemorizeApp.swift in Sources */,
				41B6FC5F25DC0B5B006716F4 /* GridLayout.swift in Sources */,
				41B6FC5425DBFF99006716F4 /* GridView.swift in Sources */,
				41B6FC6425DCA8A2006716F4 /* Array+Identifiable.swift in Sources */,
				418223F625DAD1F200F3AD9B /* EmojiMemoryGame.swift in Sources */,
				41AC060725F084C800FF4AC2 /* Array+Only.swift in Sources */,
			);
			runOnlyForDeploymentPostprocessing = 0;
		};
		41E3D6DF25C96272000935DB /* Sources */ = {
			isa = PBXSourcesBuildPhase;
			buildActionMask = 2147483647;
			files = (
				41E3D6E825C96272000935DB /* MemorizeTests.swift in Sources */,
			);
			runOnlyForDeploymentPostprocessing = 0;
		};
		41E3D6EA25C96272000935DB /* Sources */ = {
			isa = PBXSourcesBuildPhase;
			buildActionMask = 2147483647;
			files = (
				41E3D6F325C96272000935DB /* MemorizeUITests.swift in Sources */,
			);
			runOnlyForDeploymentPostprocessing = 0;
		};
/* End PBXSourcesBuildPhase section */

/* Begin PBXTargetDependency section */
		41E3D6E525C96272000935DB /* PBXTargetDependency */ = {
			isa = PBXTargetDependency;
			target = 41E3D6D125C96271000935DB /* Memorize */;
			targetProxy = 41E3D6E425C96272000935DB /* PBXContainerItemProxy */;
		};
		41E3D6F025C96272000935DB /* PBXTargetDependency */ = {
			isa = PBXTargetDependency;
			target = 41E3D6D125C96271000935DB /* Memorize */;
			targetProxy = 41E3D6EF25C96272000935DB /* PBXContainerItemProxy */;
		};
/* End PBXTargetDependency section */

/* Begin XCBuildConfiguration section */
		41E3D6F525C96272000935DB /* Debug */ = {
			isa = XCBuildConfiguration;
			buildSettings = {
				ALWAYS_SEARCH_USER_PATHS = NO;
				CLANG_ANALYZER_NONNULL = YES;
				CLANG_ANALYZER_NUMBER_OBJECT_CONVERSION = YES_AGGRESSIVE;
				CLANG_CXX_LANGUAGE_STANDARD = "gnu++14";
				CLANG_CXX_LIBRARY = "libc++";
				CLANG_ENABLE_MODULES = YES;
				CLANG_ENABLE_OBJC_ARC = YES;
				CLANG_ENABLE_OBJC_WEAK = YES;
				CLANG_WARN_BLOCK_CAPTURE_AUTORELEASING = YES;
				CLANG_WARN_BOOL_CONVERSION = YES;
				CLANG_WARN_COMMA = YES;
				CLANG_WARN_CONSTANT_CONVERSION = YES;
				CLANG_WARN_DEPRECATED_OBJC_IMPLEMENTATIONS = YES;
				CLANG_WARN_DIRECT_OBJC_ISA_USAGE = YES_ERROR;
				CLANG_WARN_DOCUMENTATION_COMMENTS = YES;
				CLANG_WARN_EMPTY_BODY = YES;
				CLANG_WARN_ENUM_CONVERSION = YES;
				CLANG_WARN_INFINITE_RECURSION = YES;
				CLANG_WARN_INT_CONVERSION = YES;
				CLANG_WARN_NON_LITERAL_NULL_CONVERSION = YES;
				CLANG_WARN_OBJC_IMPLICIT_RETAIN_SELF = YES;
				CLANG_WARN_OBJC_LITERAL_CONVERSION = YES;
				CLANG_WARN_OBJC_ROOT_CLASS = YES_ERROR;
				CLANG_WARN_QUOTED_INCLUDE_IN_FRAMEWORK_HEADER = YES;
				CLANG_WARN_RANGE_LOOP_ANALYSIS = YES;
				CLANG_WARN_STRICT_PROTOTYPES = YES;
				CLANG_WARN_SUSPICIOUS_MOVE = YES;
				CLANG_WARN_UNGUARDED_AVAILABILITY = YES_AGGRESSIVE;
				CLANG_WARN_UNREACHABLE_CODE = YES;
				CLANG_WARN__DUPLICATE_METHOD_MATCH = YES;
				COPY_PHASE_STRIP = NO;
				DEBUG_INFORMATION_FORMAT = dwarf;
				ENABLE_STRICT_OBJC_MSGSEND = YES;
				ENABLE_TESTABILITY = YES;
				GCC_C_LANGUAGE_STANDARD = gnu11;
				GCC_DYNAMIC_NO_PIC = NO;
				GCC_NO_COMMON_BLOCKS = YES;
				GCC_OPTIMIZATION_LEVEL = 0;
				GCC_PREPROCESSOR_DEFINITIONS = (
					"DEBUG=1",
					"$(inherited)",
				);
				GCC_WARN_64_TO_32_BIT_CONVERSION = YES;
				GCC_WARN_ABOUT_RETURN_TYPE = YES_ERROR;
				GCC_WARN_UNDECLARED_SELECTOR = YES;
				GCC_WARN_UNINITIALIZED_AUTOS = YES_AGGRESSIVE;
				GCC_WARN_UNUSED_FUNCTION = YES;
				GCC_WARN_UNUSED_VARIABLE = YES;
				IPHONEOS_DEPLOYMENT_TARGET = 14.3;
				MTL_ENABLE_DEBUG_INFO = INCLUDE_SOURCE;
				MTL_FAST_MATH = YES;
				ONLY_ACTIVE_ARCH = YES;
				SDKROOT = iphoneos;
				SWIFT_ACTIVE_COMPILATION_CONDITIONS = DEBUG;
				SWIFT_OPTIMIZATION_LEVEL = "-Onone";
			};
			name = Debug;
		};
		41E3D6F625C96272000935DB /* Release */ = {
			isa = XCBuildConfiguration;
			buildSettings = {
				ALWAYS_SEARCH_USER_PATHS = NO;
				CLANG_ANALYZER_NONNULL = YES;
				CLANG_ANALYZER_NUMBER_OBJECT_CONVERSION = YES_AGGRESSIVE;
				CLANG_CXX_LANGUAGE_STANDARD = "gnu++14";
				CLANG_CXX_LIBRARY = "libc++";
				CLANG_ENABLE_MODULES = YES;
				CLANG_ENABLE_OBJC_ARC = YES;
				CLANG_ENABLE_OBJC_WEAK = YES;
				CLANG_WARN_BLOCK_CAPTURE_AUTORELEASING = YES;
				CLANG_WARN_BOOL_CONVERSION = YES;
				CLANG_WARN_COMMA = YES;
				CLANG_WARN_CONSTANT_CONVERSION = YES;
				CLANG_WARN_DEPRECATED_OBJC_IMPLEMENTATIONS = YES;
				CLANG_WARN_DIRECT_OBJC_ISA_USAGE = YES_ERROR;
				CLANG_WARN_DOCUMENTATION_COMMENTS = YES;
				CLANG_WARN_EMPTY_BODY = YES;
				CLANG_WARN_ENUM_CONVERSION = YES;
				CLANG_WARN_INFINITE_RECURSION = YES;
				CLANG_WARN_INT_CONVERSION = YES;
				CLANG_WARN_NON_LITERAL_NULL_CONVERSION = YES;
				CLANG_WARN_OBJC_IMPLICIT_RETAIN_SELF = YES;
				CLANG_WARN_OBJC_LITERAL_CONVERSION = YES;
				CLANG_WARN_OBJC_ROOT_CLASS = YES_ERROR;
				CLANG_WARN_QUOTED_INCLUDE_IN_FRAMEWORK_HEADER = YES;
				CLANG_WARN_RANGE_LOOP_ANALYSIS = YES;
				CLANG_WARN_STRICT_PROTOTYPES = YES;
				CLANG_WARN_SUSPICIOUS_MOVE = YES;
				CLANG_WARN_UNGUARDED_AVAILABILITY = YES_AGGRESSIVE;
				CLANG_WARN_UNREACHABLE_CODE = YES;
				CLANG_WARN__DUPLICATE_METHOD_MATCH = YES;
				COPY_PHASE_STRIP = NO;
				DEBUG_INFORMATION_FORMAT = "dwarf-with-dsym";
				ENABLE_NS_ASSERTIONS = NO;
				ENABLE_STRICT_OBJC_MSGSEND = YES;
				GCC_C_LANGUAGE_STANDARD = gnu11;
				GCC_NO_COMMON_BLOCKS = YES;
				GCC_WARN_64_TO_32_BIT_CONVERSION = YES;
				GCC_WARN_ABOUT_RETURN_TYPE = YES_ERROR;
				GCC_WARN_UNDECLARED_SELECTOR = YES;
				GCC_WARN_UNINITIALIZED_AUTOS = YES_AGGRESSIVE;
				GCC_WARN_UNUSED_FUNCTION = YES;
				GCC_WARN_UNUSED_VARIABLE = YES;
				IPHONEOS_DEPLOYMENT_TARGET = 14.3;
				MTL_ENABLE_DEBUG_INFO = NO;
				MTL_FAST_MATH = YES;
				SDKROOT = iphoneos;
				SWIFT_COMPILATION_MODE = wholemodule;
				SWIFT_OPTIMIZATION_LEVEL = "-O";
				VALIDATE_PRODUCT = YES;
			};
			name = Release;
		};
		41E3D6F825C96272000935DB /* Debug */ = {
			isa = XCBuildConfiguration;
			buildSettings = {
				ASSETCATALOG_COMPILER_APPICON_NAME = AppIcon;
				ASSETCATALOG_COMPILER_GLOBAL_ACCENT_COLOR_NAME = AccentColor;
				CODE_SIGN_STYLE = Automatic;
				DEVELOPMENT_ASSET_PATHS = "\"Memorize/Preview Content\"";
				ENABLE_PREVIEWS = YES;
				INFOPLIST_FILE = Memorize/Info.plist;
				IPHONEOS_DEPLOYMENT_TARGET = 14.0;
				LD_RUNPATH_SEARCH_PATHS = (
					"$(inherited)",
					"@executable_path/Frameworks",
				);
				PRODUCT_BUNDLE_IDENTIFIER = com.csu.rambo.Memorize;
				PRODUCT_NAME = "$(TARGET_NAME)";
				SWIFT_VERSION = 5.0;
				TARGETED_DEVICE_FAMILY = "1,2";
			};
			name = Debug;
		};
		41E3D6F925C96272000935DB /* Release */ = {
			isa = XCBuildConfiguration;
			buildSettings = {
				ASSETCATALOG_COMPILER_APPICON_NAME = AppIcon;
				ASSETCATALOG_COMPILER_GLOBAL_ACCENT_COLOR_NAME = AccentColor;
				CODE_SIGN_STYLE = Automatic;
				DEVELOPMENT_ASSET_PATHS = "\"Memorize/Preview Content\"";
				ENABLE_PREVIEWS = YES;
				INFOPLIST_FILE = Memorize/Info.plist;
				IPHONEOS_DEPLOYMENT_TARGET = 14.0;
				LD_RUNPATH_SEARCH_PATHS = (
					"$(inherited)",
					"@executable_path/Frameworks",
				);
				PRODUCT_BUNDLE_IDENTIFIER = com.csu.rambo.Memorize;
				PRODUCT_NAME = "$(TARGET_NAME)";
				SWIFT_VERSION = 5.0;
				TARGETED_DEVICE_FAMILY = "1,2";
			};
			name = Release;
		};
		41E3D6FB25C96272000935DB /* Debug */ = {
			isa = XCBuildConfiguration;
			buildSettings = {
				ALWAYS_EMBED_SWIFT_STANDARD_LIBRARIES = YES;
				BUNDLE_LOADER = "$(TEST_HOST)";
				CODE_SIGN_STYLE = Automatic;
				INFOPLIST_FILE = MemorizeTests/Info.plist;
				IPHONEOS_DEPLOYMENT_TARGET = 14.0;
				LD_RUNPATH_SEARCH_PATHS = (
					"$(inherited)",
					"@executable_path/Frameworks",
					"@loader_path/Frameworks",
				);
				PRODUCT_BUNDLE_IDENTIFIER = com.csu.rambo.MemorizeTests;
				PRODUCT_NAME = "$(TARGET_NAME)";
				SWIFT_VERSION = 5.0;
				TARGETED_DEVICE_FAMILY = "1,2";
				TEST_HOST = "$(BUILT_PRODUCTS_DIR)/Memorize.app/Memorize";
			};
			name = Debug;
		};
		41E3D6FC25C96272000935DB /* Release */ = {
			isa = XCBuildConfiguration;
			buildSettings = {
				ALWAYS_EMBED_SWIFT_STANDARD_LIBRARIES = YES;
				BUNDLE_LOADER = "$(TEST_HOST)";
				CODE_SIGN_STYLE = Automatic;
				INFOPLIST_FILE = MemorizeTests/Info.plist;
				IPHONEOS_DEPLOYMENT_TARGET = 14.0;
				LD_RUNPATH_SEARCH_PATHS = (
					"$(inherited)",
					"@executable_path/Frameworks",
					"@loader_path/Frameworks",
				);
				PRODUCT_BUNDLE_IDENTIFIER = com.csu.rambo.MemorizeTests;
				PRODUCT_NAME = "$(TARGET_NAME)";
				SWIFT_VERSION = 5.0;
				TARGETED_DEVICE_FAMILY = "1,2";
				TEST_HOST = "$(BUILT_PRODUCTS_DIR)/Memorize.app/Memorize";
			};
			name = Release;
		};
		41E3D6FE25C96272000935DB /* Debug */ = {
			isa = XCBuildConfiguration;
			buildSettings = {
				ALWAYS_EMBED_SWIFT_STANDARD_LIBRARIES = YES;
				CODE_SIGN_STYLE = Automatic;
				INFOPLIST_FILE = MemorizeUITests/Info.plist;
				LD_RUNPATH_SEARCH_PATHS = (
					"$(inherited)",
					"@executable_path/Frameworks",
					"@loader_path/Frameworks",
				);
				PRODUCT_BUNDLE_IDENTIFIER = com.csu.rambo.MemorizeUITests;
				PRODUCT_NAME = "$(TARGET_NAME)";
				SWIFT_VERSION = 5.0;
				TARGETED_DEVICE_FAMILY = "1,2";
				TEST_TARGET_NAME = Memorize;
			};
			name = Debug;
		};
		41E3D6FF25C96272000935DB /* Release */ = {
			isa = XCBuildConfiguration;
			buildSettings = {
				ALWAYS_EMBED_SWIFT_STANDARD_LIBRARIES = YES;
				CODE_SIGN_STYLE = Automatic;
				INFOPLIST_FILE = MemorizeUITests/Info.plist;
				LD_RUNPATH_SEARCH_PATHS = (
					"$(inherited)",
					"@executable_path/Frameworks",
					"@loader_path/Frameworks",
				);
				PRODUCT_BUNDLE_IDENTIFIER = com.csu.rambo.MemorizeUITests;
				PRODUCT_NAME = "$(TARGET_NAME)";
				SWIFT_VERSION = 5.0;
				TARGETED_DEVICE_FAMILY = "1,2";
				TEST_TARGET_NAME = Memorize;
			};
			name = Release;
		};
/* End XCBuildConfiguration section */

/* Begin XCConfigurationList section */
		41E3D6CD25C96271000935DB /* Build configuration list for PBXProject "Memorize" */ = {
			isa = XCConfigurationList;
			buildConfigurations = (
				41E3D6F525C96272000935DB /* Debug */,
				41E3D6F625C96272000935DB /* Release */,
			);
			defaultConfigurationIsVisible = 0;
			defaultConfigurationName = Release;
		};
		41E3D6F725C96272000935DB /* Build configuration list for PBXNativeTarget "Memorize" */ = {
			isa = XCConfigurationList;
			buildConfigurations = (
				41E3D6F825C96272000935DB /* Debug */,
				41E3D6F925C96272000935DB /* Release */,
			);
			defaultConfigurationIsVisible = 0;
			defaultConfigurationName = Release;
		};
		41E3D6FA25C96272000935DB /* Build configuration list for PBXNativeTarget "MemorizeTests" */ = {
			isa = XCConfigurationList;
			buildConfigurations = (
				41E3D6FB25C96272000935DB /* Debug */,
				41E3D6FC25C96272000935DB /* Release */,
			);
			defaultConfigurationIsVisible = 0;
			defaultConfigurationName = Release;
		};
		41E3D6FD25C96272000935DB /* Build configuration list for PBXNativeTarget "MemorizeUITests" */ = {
			isa = XCConfigurationList;
			buildConfigurations = (
				41E3D6FE25C96272000935DB /* Debug */,
				41E3D6FF25C96272000935DB /* Release */,
			);
			defaultConfigurationIsVisible = 0;
			defaultConfigurationName = Release;
		};
/* End XCConfigurationList section */
	};
	rootObject = 41E3D6CA25C96271000935DB /* Project object */;
}
